// !$*UTF8*$!
{
	archiveVersion = 1;
	classes = {
	};
	objectVersion = 46;
	objects = {

/* Begin PBXBuildFile section */
		1B8CAF001CA07BBA00BF115E /* AppDelegate.swift in Sources */ = {isa = PBXBuildFile; fileRef = 1B8CAEFF1CA07BBA00BF115E /* AppDelegate.swift */; };
		1B8CAF021CA07BBA00BF115E /* TableViewController.swift in Sources */ = {isa = PBXBuildFile; fileRef = 1B8CAF011CA07BBA00BF115E /* TableViewController.swift */; };
		1B8CAF051CA07BBA00BF115E /* Main.storyboard in Resources */ = {isa = PBXBuildFile; fileRef = 1B8CAF031CA07BBA00BF115E /* Main.storyboard */; };
		1B8CAF081CA07BBA00BF115E /* SimpleView.xcdatamodeld in Sources */ = {isa = PBXBuildFile; fileRef = 1B8CAF061CA07BBA00BF115E /* SimpleView.xcdatamodeld */; };
		1B8CAF0A1CA07BBA00BF115E /* Assets.xcassets in Resources */ = {isa = PBXBuildFile; fileRef = 1B8CAF091CA07BBA00BF115E /* Assets.xcassets */; };
		1B8CAF0D1CA07BBA00BF115E /* LaunchScreen.storyboard in Resources */ = {isa = PBXBuildFile; fileRef = 1B8CAF0B1CA07BBA00BF115E /* LaunchScreen.storyboard */; };
		1B8CAF421CA1CE0000BF115E /* Tasks.xcdatamodeld in Sources */ = {isa = PBXBuildFile; fileRef = 1B8CAF401CA1CE0000BF115E /* Tasks.xcdatamodeld */; };
		1B8CAF451CA1CF3400BF115E /* DataController.swift in Sources */ = {isa = PBXBuildFile; fileRef = 1B8CAF441CA1CF3400BF115E /* DataController.swift */; };
		1BF7A8861CA1FE72008FC0E7 /* TaskTableViewCell.swift in Sources */ = {isa = PBXBuildFile; fileRef = 1BF7A8851CA1FE72008FC0E7 /* TaskTableViewCell.swift */; };
/* End PBXBuildFile section */

/* Begin PBXFileReference section */
		1B8CAEFC1CA07BBA00BF115E /* SimpleView.app */ = {isa = PBXFileReference; explicitFileType = wrapper.application; includeInIndex = 0; path = SimpleView.app; sourceTree = BUILT_PRODUCTS_DIR; };
		1B8CAEFF1CA07BBA00BF115E /* AppDelegate.swift */ = {isa = PBXFileReference; lastKnownFileType = sourcecode.swift; path = AppDelegate.swift; sourceTree = "<group>"; };
		1B8CAF011CA07BBA00BF115E /* TableViewController.swift */ = {isa = PBXFileReference; lastKnownFileType = sourcecode.swift; path = TableViewController.swift; sourceTree = "<group>"; };
		1B8CAF041CA07BBA00BF115E /* Base */ = {isa = PBXFileReference; lastKnownFileType = file.storyboard; name = Base; path = Base.lproj/Main.storyboard; sourceTree = "<group>"; };
		1B8CAF071CA07BBA00BF115E /* SimpleView.xcdatamodel */ = {isa = PBXFileReference; lastKnownFileType = wrapper.xcdatamodel; path = SimpleView.xcdatamodel; sourceTree = "<group>"; };
		1B8CAF091CA07BBA00BF115E /* Assets.xcassets */ = {isa = PBXFileReference; lastKnownFileType = folder.assetcatalog; path = Assets.xcassets; sourceTree = "<group>"; };
		1B8CAF0C1CA07BBA00BF115E /* Base */ = {isa = PBXFileReference; lastKnownFileType = file.storyboard; name = Base; path = Base.lproj/LaunchScreen.storyboard; sourceTree = "<group>"; };
		1B8CAF0E1CA07BBA00BF115E /* Info.plist */ = {isa = PBXFileReference; lastKnownFileType = text.plist.xml; path = Info.plist; sourceTree = "<group>"; };
		1B8CAF411CA1CE0000BF115E /* Tasks.xcdatamodel */ = {isa = PBXFileReference; lastKnownFileType = wrapper.xcdatamodel; path = Tasks.xcdatamodel; sourceTree = "<group>"; };
		1B8CAF441CA1CF3400BF115E /* DataController.swift */ = {isa = PBXFileReference; fileEncoding = 4; lastKnownFileType = sourcecode.swift; path = DataController.swift; sourceTree = "<group>"; };
		1BF7A8851CA1FE72008FC0E7 /* TaskTableViewCell.swift */ = {isa = PBXFileReference; fileEncoding = 4; lastKnownFileType = sourcecode.swift; path = TaskTableViewCell.swift; sourceTree = "<group>"; };
/* End PBXFileReference section */

/* Begin PBXFrameworksBuildPhase section */
		1B8CAEF91CA07BBA00BF115E /* Frameworks */ = {
			isa = PBXFrameworksBuildPhase;
			buildActionMask = 2147483647;
			files = (
			);
			runOnlyForDeploymentPostprocessing = 0;
		};
/* End PBXFrameworksBuildPhase section */

/* Begin PBXGroup section */
		1B8CAEF31CA07BBA00BF115E = {
			isa = PBXGroup;
			children = (
				1B8CAEFE1CA07BBA00BF115E /* SimpleView */,
				1B8CAEFD1CA07BBA00BF115E /* Products */,
			);
			sourceTree = "<group>";
		};
		1B8CAEFD1CA07BBA00BF115E /* Products */ = {
			isa = PBXGroup;
			children = (
				1B8CAEFC1CA07BBA00BF115E /* SimpleView.app */,
			);
			name = Products;
			sourceTree = "<group>";
		};
		1B8CAEFE1CA07BBA00BF115E /* SimpleView */ = {
			isa = PBXGroup;
			children = (
				1B8CAEFF1CA07BBA00BF115E /* AppDelegate.swift */,
				1B8CAF441CA1CF3400BF115E /* DataController.swift */,
				1B8CAF401CA1CE0000BF115E /* Tasks.xcdatamodeld */,
				1B8CAF161CA07C1200BF115E /* Controllers */,
				1B8CAF141CA07BFC00BF115E /* Views */,
				1B8CAF431CA1CE9A00BF115E /* Supporting Files */,
			);
			path = SimpleView;
			sourceTree = "<group>";
		};
		1B8CAF141CA07BFC00BF115E /* Views */ = {
			isa = PBXGroup;
			children = (
				1BF7A8851CA1FE72008FC0E7 /* TaskTableViewCell.swift */,
			);
			name = Views;
			sourceTree = "<group>";
		};
		1B8CAF161CA07C1200BF115E /* Controllers */ = {
			isa = PBXGroup;
			children = (
				1B8CAF011CA07BBA00BF115E /* TableViewController.swift */,
			);
			name = Controllers;
			sourceTree = "<group>";
		};
		1B8CAF431CA1CE9A00BF115E /* Supporting Files */ = {
			isa = PBXGroup;
			children = (
				1B8CAF031CA07BBA00BF115E /* Main.storyboard */,
				1B8CAF091CA07BBA00BF115E /* Assets.xcassets */,
				1B8CAF0B1CA07BBA00BF115E /* LaunchScreen.storyboard */,
				1B8CAF0E1CA07BBA00BF115E /* Info.plist */,
				1B8CAF061CA07BBA00BF115E /* SimpleView.xcdatamodeld */,
			);
			name = "Supporting Files";
			sourceTree = "<group>";
		};
/* End PBXGroup section */

/* Begin PBXNativeTarget section */
		1B8CAEFB1CA07BBA00BF115E /* SimpleView */ = {
			isa = PBXNativeTarget;
			buildConfigurationList = 1B8CAF111CA07BBA00BF115E /* Build configuration list for PBXNativeTarget "SimpleView" */;
			buildPhases = (
				1B8CAEF81CA07BBA00BF115E /* Sources */,
				1B8CAEF91CA07BBA00BF115E /* Frameworks */,
				1B8CAEFA1CA07BBA00BF115E /* Resources */,
			);
			buildRules = (
			);
			dependencies = (
			);
			name = SimpleView;
			productName = SimpleView;
			productReference = 1B8CAEFC1CA07BBA00BF115E /* SimpleView.app */;
			productType = "com.apple.product-type.application";
		};
/* End PBXNativeTarget section */

/* Begin PBXProject section */
		1B8CAEF41CA07BBA00BF115E /* Project object */ = {
			isa = PBXProject;
			attributes = {
				LastSwiftUpdateCheck = 0720;
				LastUpgradeCheck = 0720;
				ORGANIZATIONNAME = "Wasted Potential LLC";
				TargetAttributes = {
					1B8CAEFB1CA07BBA00BF115E = {
						CreatedOnToolsVersion = 7.2.1;
						DevelopmentTeam = 3Q2C35Y544;
					};
				};
			};
			buildConfigurationList = 1B8CAEF71CA07BBA00BF115E /* Build configuration list for PBXProject "SimpleView" */;
			compatibilityVersion = "Xcode 3.2";
			developmentRegion = English;
			hasScannedForEncodings = 0;
			knownRegions = (
				en,
				Base,
			);
			mainGroup = 1B8CAEF31CA07BBA00BF115E;
			productRefGroup = 1B8CAEFD1CA07BBA00BF115E /* Products */;
			projectDirPath = "";
			projectRoot = "";
			targets = (
				1B8CAEFB1CA07BBA00BF115E /* SimpleView */,
			);
		};
/* End PBXProject section */

/* Begin PBXResourcesBuildPhase section */
		1B8CAEFA1CA07BBA00BF115E /* Resources */ = {
			isa = PBXResourcesBuildPhase;
			buildActionMask = 2147483647;
			files = (
				1B8CAF0D1CA07BBA00BF115E /* LaunchScreen.storyboard in Resources */,
				1B8CAF0A1CA07BBA00BF115E /* Assets.xcassets in Resources */,
				1B8CAF051CA07BBA00BF115E /* Main.storyboard in Resources */,
			);
			runOnlyForDeploymentPostprocessing = 0;
		};
/* End PBXResourcesBuildPhase section */

/* Begin PBXSourcesBuildPhase section */
		1B8CAEF81CA07BBA00BF115E /* Sources */ = {
			isa = PBXSourcesBuildPhase;
			buildActionMask = 2147483647;
			files = (
				1B8CAF451CA1CF3400BF115E /* DataController.swift in Sources */,
				1B8CAF021CA07BBA00BF115E /* TableViewController.swift in Sources */,
				1BF7A8861CA1FE72008FC0E7 /* TaskTableViewCell.swift in Sources */,
				1B8CAF421CA1CE0000BF115E /* Tasks.xcdatamodeld in Sources */,
				1B8CAF081CA07BBA00BF115E /* SimpleView.xcdatamodeld in Sources */,
				1B8CAF001CA07BBA00BF115E /* AppDelegate.swift in Sources */,
			);
			runOnlyForDeploymentPostprocessing = 0;
		};
/* End PBXSourcesBuildPhase section */

/* Begin PBXVariantGroup section */
		1B8CAF031CA07BBA00BF115E /* Main.storyboard */ = {
			isa = PBXVariantGroup;
			children = (
				1B8CAF041CA07BBA00BF115E /* Base */,
			);
			name = Main.storyboard;
			sourceTree = "<group>";
		};
		1B8CAF0B1CA07BBA00BF115E /* LaunchScreen.storyboard */ = {
			isa = PBXVariantGroup;
			children = (
				1B8CAF0C1CA07BBA00BF115E /* Base */,
			);
			name = LaunchScreen.storyboard;
			sourceTree = "<group>";
		};
/* End PBXVariantGroup section */

/* Begin XCBuildConfiguration section */
		1B8CAF0F1CA07BBA00BF115E /* Debug */ = {
			isa = XCBuildConfiguration;
			buildSettings = {
				ALWAYS_SEARCH_USER_PATHS = NO;
				CLANG_CXX_LANGUAGE_STANDARD = "gnu++0x";
				CLANG_CXX_LIBRARY = "libc++";
				CLANG_ENABLE_MODULES = YES;
				CLANG_ENABLE_OBJC_ARC = YES;
				CLANG_WARN_BOOL_CONVERSION = YES;
				CLANG_WARN_CONSTANT_CONVERSION = YES;
				CLANG_WARN_DIRECT_OBJC_ISA_USAGE = YES_ERROR;
				CLANG_WARN_EMPTY_BODY = YES;
				CLANG_WARN_ENUM_CONVERSION = YES;
				CLANG_WARN_INT_CONVERSION = YES;
				CLANG_WARN_OBJC_ROOT_CLASS = YES_ERROR;
				CLANG_WARN_UNREACHABLE_CODE = YES;
				CLANG_WARN__DUPLICATE_METHOD_MATCH = YES;
				"CODE_SIGN_IDENTITY[sdk=iphoneos*]" = "iPhone Developer";
				COPY_PHASE_STRIP = NO;
				DEBUG_INFORMATION_FORMAT = dwarf;
				ENABLE_STRICT_OBJC_MSGSEND = YES;
				ENABLE_TESTABILITY = YES;
				GCC_C_LANGUAGE_STANDARD = gnu99;
				GCC_DYNAMIC_NO_PIC = NO;
				GCC_NO_COMMON_BLOCKS = YES;
				GCC_OPTIMIZATION_LEVEL = 0;
				GCC_PREPROCESSOR_DEFINITIONS = (
					"DEBUG=1",
					"$(inherited)",
				);
				GCC_WARN_64_TO_32_BIT_CONVERSION = YES;
				GCC_WARN_ABOUT_RETURN_TYPE = YES_ERROR;
				GCC_WARN_UNDECLARED_SELECTOR = YES;
				GCC_WARN_UNINITIALIZED_AUTOS = YES_AGGRESSIVE;
				GCC_WARN_UNUSED_FUNCTION = YES;
				GCC_WARN_UNUSED_VARIABLE = YES;
				IPHONEOS_DEPLOYMENT_TARGET = 9.2;
				MTL_ENABLE_DEBUG_INFO = YES;
				ONLY_ACTIVE_ARCH = YES;
				SDKROOT = iphoneos;
				SWIFT_OPTIMIZATION_LEVEL = "-Onone";
			};
			name = Debug;
		};
		1B8CAF101CA07BBA00BF115E /* Release */ = {
			isa = XCBuildConfiguration;
			buildSettings = {
				ALWAYS_SEARCH_USER_PATHS = NO;
				CLANG_CXX_LANGUAGE_STANDARD = "gnu++0x";
				CLANG_CXX_LIBRARY = "libc++";
				CLANG_ENABLE_MODULES = YES;
				CLANG_ENABLE_OBJC_ARC = YES;
				CLANG_WARN_BOOL_CONVERSION = YES;
				CLANG_WARN_CONSTANT_CONVERSION = YES;
				CLANG_WARN_DIRECT_OBJC_ISA_USAGE = YES_ERROR;
				CLANG_WARN_EMPTY_BODY = YES;
				CLANG_WARN_ENUM_CONVERSION = YES;
				CLANG_WARN_INT_CONVERSION = YES;
				CLANG_WARN_OBJC_ROOT_CLASS = YES_ERROR;
				CLANG_WARN_UNREACHABLE_CODE = YES;
				CLANG_WARN__DUPLICATE_METHOD_MATCH = YES;
				"CODE_SIGN_IDENTITY[sdk=iphoneos*]" = "iPhone Developer";
				COPY_PHASE_STRIP = NO;
				DEBUG_INFORMATION_FORMAT = "dwarf-with-dsym";
				ENABLE_NS_ASSERTIONS = NO;
				ENABLE_STRICT_OBJC_MSGSEND = YES;
				GCC_C_LANGUAGE_STANDARD = gnu99;
				GCC_NO_COMMON_BLOCKS = YES;
				GCC_WARN_64_TO_32_BIT_CONVERSION = YES;
				GCC_WARN_ABOUT_RETURN_TYPE = YES_ERROR;
				GCC_WARN_UNDECLARED_SELECTOR = YES;
				GCC_WARN_UNINITIALIZED_AUTOS = YES_AGGRESSIVE;
				GCC_WARN_UNUSED_FUNCTION = YES;
				GCC_WARN_UNUSED_VARIABLE = YES;
				IPHONEOS_DEPLOYMENT_TARGET = 9.2;
				MTL_ENABLE_DEBUG_INFO = NO;
				SDKROOT = iphoneos;
				VALIDATE_PRODUCT = YES;
			};
			name = Release;
		};
		1B8CAF121CA07BBA00BF115E /* Debug */ = {
			isa = XCBuildConfiguration;
			buildSettings = {
				ASSETCATALOG_COMPILER_APPICON_NAME = AppIcon;
				INFOPLIST_FILE = SimpleView/Info.plist;
				LD_RUNPATH_SEARCH_PATHS = "$(inherited) @executable_path/Frameworks";
				PRODUCT_BUNDLE_IDENTIFIER = com.mitchell.SimpleView;
				PRODUCT_NAME = "$(TARGET_NAME)";
			};
			name = Debug;
		};
		1B8CAF131CA07BBA00BF115E /* Release */ = {
			isa = XCBuildConfiguration;
			buildSettings = {
				ASSETCATALOG_COMPILER_APPICON_NAME = AppIcon;
				INFOPLIST_FILE = SimpleView/Info.plist;
				LD_RUNPATH_SEARCH_PATHS = "$(inherited) @executable_path/Frameworks";
				PRODUCT_BUNDLE_IDENTIFIER = com.mitchell.SimpleView;
				PRODUCT_NAME = "$(TARGET_NAME)";
			};
			name = Release;
		};
/* End XCBuildConfiguration section */

/* Begin XCConfigurationList section */
		1B8CAEF71CA07BBA00BF115E /* Build configuration list for PBXProject "SimpleView" */ = {
			isa = XCConfigurationList;
			buildConfigurations = (
				1B8CAF0F1CA07BBA00BF115E /* Debug */,
				1B8CAF101CA07BBA00BF115E /* Release */,
			);
			defaultConfigurationIsVisible = 0;
			defaultConfigurationName = Release;
		};
		1B8CAF111CA07BBA00BF115E /* Build configuration list for PBXNativeTarget "SimpleView" */ = {
			isa = XCConfigurationList;
			buildConfigurations = (
				1B8CAF121CA07BBA00BF115E /* Debug */,
				1B8CAF131CA07BBA00BF115E /* Release */,
			);
			defaultConfigurationIsVisible = 0;
			defaultConfigurationName = Release;
		};
/* End XCConfigurationList section */

/* Begin XCVersionGroup section */
		1B8CAF061CA07BBA00BF115E /* SimpleView.xcdatamodeld */ = {
			isa = XCVersionGroup;
			children = (
				1B8CAF071CA07BBA00BF115E /* SimpleView.xcdatamodel */,
			);
			currentVersion = 1B8CAF071CA07BBA00BF115E /* SimpleView.xcdatamodel */;
			path = SimpleView.xcdatamodeld;
			sourceTree = "<group>";
			versionGroupType = wrapper.xcdatamodel;
		};
		1B8CAF401CA1CE0000BF115E /* Tasks.xcdatamodeld */ = {
			isa = XCVersionGroup;
			children = (
				1B8CAF411CA1CE0000BF115E /* Tasks.xcdatamodel */,
			);
			currentVersion = 1B8CAF411CA1CE0000BF115E /* Tasks.xcdatamodel */;
			path = Tasks.xcdatamodeld;
			sourceTree = "<group>";
			versionGroupType = wrapper.xcdatamodel;
		};
/* End XCVersionGroup section */
	};
	rootObject = 1B8CAEF41CA07BBA00BF115E /* Project object */;
}
